// !$*UTF8*$!
{
	archiveVersion = 1;
	classes = {
	};
	objectVersion = 56;
	objects = {

/* Begin PBXBuildFile section */
		00226CBB29555340004E37D0 /* AppDelegate.swift in Sources */ = {isa = PBXBuildFile; fileRef = 00226CBA29555340004E37D0 /* AppDelegate.swift */; };
		00226CBD29555340004E37D0 /* SceneDelegate.swift in Sources */ = {isa = PBXBuildFile; fileRef = 00226CBC29555340004E37D0 /* SceneDelegate.swift */; };
		00226CBF29555340004E37D0 /* LoginViewController.swift in Sources */ = {isa = PBXBuildFile; fileRef = 00226CBE29555340004E37D0 /* LoginViewController.swift */; };
		00226CC429555341004E37D0 /* Assets.xcassets in Resources */ = {isa = PBXBuildFile; fileRef = 00226CC329555341004E37D0 /* Assets.xcassets */; };
		00226CC729555341004E37D0 /* LaunchScreen.storyboard in Resources */ = {isa = PBXBuildFile; fileRef = 00226CC529555341004E37D0 /* LaunchScreen.storyboard */; };
		00226CD229555374004E37D0 /* User.swift in Sources */ = {isa = PBXBuildFile; fileRef = 00226CD129555374004E37D0 /* User.swift */; };
		00226CD429555456004E37D0 /* LoginViewModel.swift in Sources */ = {isa = PBXBuildFile; fileRef = 00226CD329555456004E37D0 /* LoginViewModel.swift */; };
		00226CD729555503004E37D0 /* Dynamic.swift in Sources */ = {isa = PBXBuildFile; fileRef = 00226CD629555503004E37D0 /* Dynamic.swift */; };
		00226CF929593ADD004E37D0 /* UIStackView+Extension.swift in Sources */ = {isa = PBXBuildFile; fileRef = 00226CF829593ADD004E37D0 /* UIStackView+Extension.swift */; };
		00226CFF29593BC5004E37D0 /* CustomButton.swift in Sources */ = {isa = PBXBuildFile; fileRef = 00226CFE29593BC5004E37D0 /* CustomButton.swift */; };
		00226D0129594A39004E37D0 /* CryptoViewController.swift in Sources */ = {isa = PBXBuildFile; fileRef = 00226D0029594A39004E37D0 /* CryptoViewController.swift */; };
		00226D0529594B9B004E37D0 /* Coordinator.swift in Sources */ = {isa = PBXBuildFile; fileRef = 00226D0429594B9B004E37D0 /* Coordinator.swift */; };
		00226D0729594F50004E37D0 /* AppCoordinator.swift in Sources */ = {isa = PBXBuildFile; fileRef = 00226D0629594F50004E37D0 /* AppCoordinator.swift */; };
		00226D0B295AAA09004E37D0 /* CryptoCell.swift in Sources */ = {isa = PBXBuildFile; fileRef = 00226D0A295AAA09004E37D0 /* CryptoCell.swift */; };
		00226D0F296F202E004E37D0 /* Coin.swift in Sources */ = {isa = PBXBuildFile; fileRef = 00226D0E296F202E004E37D0 /* Coin.swift */; };
		00226D11296F232B004E37D0 /* Parser.swift in Sources */ = {isa = PBXBuildFile; fileRef = 00226D10296F232B004E37D0 /* Parser.swift */; };
		003995AD2979A8C100782B6C /* UIViewController+Extension.swift in Sources */ = {isa = PBXBuildFile; fileRef = 003995AC2979A8C100782B6C /* UIViewController+Extension.swift */; };
		003995AF297D416600782B6C /* Loader.swift in Sources */ = {isa = PBXBuildFile; fileRef = 003995AE297D416600782B6C /* Loader.swift */; };
/* End PBXBuildFile section */

/* Begin PBXFileReference section */
		00226CB729555340004E37D0 /* CryptoAstonApp.app */ = {isa = PBXFileReference; explicitFileType = wrapper.application; includeInIndex = 0; path = CryptoAstonApp.app; sourceTree = BUILT_PRODUCTS_DIR; };
		00226CBA29555340004E37D0 /* AppDelegate.swift */ = {isa = PBXFileReference; lastKnownFileType = sourcecode.swift; path = AppDelegate.swift; sourceTree = "<group>"; };
		00226CBC29555340004E37D0 /* SceneDelegate.swift */ = {isa = PBXFileReference; lastKnownFileType = sourcecode.swift; path = SceneDelegate.swift; sourceTree = "<group>"; };
		00226CBE29555340004E37D0 /* LoginViewController.swift */ = {isa = PBXFileReference; lastKnownFileType = sourcecode.swift; path = LoginViewController.swift; sourceTree = "<group>"; };
		00226CC329555341004E37D0 /* Assets.xcassets */ = {isa = PBXFileReference; lastKnownFileType = folder.assetcatalog; path = Assets.xcassets; sourceTree = "<group>"; };
		00226CC629555341004E37D0 /* Base */ = {isa = PBXFileReference; lastKnownFileType = file.storyboard; name = Base; path = Base.lproj/LaunchScreen.storyboard; sourceTree = "<group>"; };
		00226CC829555341004E37D0 /* Info.plist */ = {isa = PBXFileReference; lastKnownFileType = text.plist.xml; path = Info.plist; sourceTree = "<group>"; };
		00226CD129555374004E37D0 /* User.swift */ = {isa = PBXFileReference; lastKnownFileType = sourcecode.swift; path = User.swift; sourceTree = "<group>"; };
		00226CD329555456004E37D0 /* LoginViewModel.swift */ = {isa = PBXFileReference; lastKnownFileType = sourcecode.swift; path = LoginViewModel.swift; sourceTree = "<group>"; };
		00226CD629555503004E37D0 /* Dynamic.swift */ = {isa = PBXFileReference; lastKnownFileType = sourcecode.swift; path = Dynamic.swift; sourceTree = "<group>"; };
		00226CF829593ADD004E37D0 /* UIStackView+Extension.swift */ = {isa = PBXFileReference; lastKnownFileType = sourcecode.swift; path = "UIStackView+Extension.swift"; sourceTree = "<group>"; };
		00226CFE29593BC5004E37D0 /* CustomButton.swift */ = {isa = PBXFileReference; lastKnownFileType = sourcecode.swift; path = CustomButton.swift; sourceTree = "<group>"; };
		00226D0029594A39004E37D0 /* CryptoViewController.swift */ = {isa = PBXFileReference; lastKnownFileType = sourcecode.swift; path = CryptoViewController.swift; sourceTree = "<group>"; };
		00226D0429594B9B004E37D0 /* Coordinator.swift */ = {isa = PBXFileReference; lastKnownFileType = sourcecode.swift; path = Coordinator.swift; sourceTree = "<group>"; };
		00226D0629594F50004E37D0 /* AppCoordinator.swift */ = {isa = PBXFileReference; lastKnownFileType = sourcecode.swift; path = AppCoordinator.swift; sourceTree = "<group>"; };
		00226D0A295AAA09004E37D0 /* CryptoCell.swift */ = {isa = PBXFileReference; lastKnownFileType = sourcecode.swift; path = CryptoCell.swift; sourceTree = "<group>"; };
		00226D0E296F202E004E37D0 /* Coin.swift */ = {isa = PBXFileReference; lastKnownFileType = sourcecode.swift; path = Coin.swift; sourceTree = "<group>"; };
		00226D10296F232B004E37D0 /* Parser.swift */ = {isa = PBXFileReference; lastKnownFileType = sourcecode.swift; path = Parser.swift; sourceTree = "<group>"; };
		003995AC2979A8C100782B6C /* UIViewController+Extension.swift */ = {isa = PBXFileReference; lastKnownFileType = sourcecode.swift; path = "UIViewController+Extension.swift"; sourceTree = "<group>"; };
		003995AE297D416600782B6C /* Loader.swift */ = {isa = PBXFileReference; lastKnownFileType = sourcecode.swift; path = Loader.swift; sourceTree = "<group>"; };
/* End PBXFileReference section */

/* Begin PBXFrameworksBuildPhase section */
		00226CB429555340004E37D0 /* Frameworks */ = {
			isa = PBXFrameworksBuildPhase;
			buildActionMask = 2147483647;
			files = (
			);
			runOnlyForDeploymentPostprocessing = 0;
		};
/* End PBXFrameworksBuildPhase section */

/* Begin PBXGroup section */
		00226CAE29555340004E37D0 = {
			isa = PBXGroup;
			children = (
				00226CB929555340004E37D0 /* CryptoAstonApp */,
				00226CB829555340004E37D0 /* Products */,
			);
			sourceTree = "<group>";
		};
		00226CB829555340004E37D0 /* Products */ = {
			isa = PBXGroup;
			children = (
				00226CB729555340004E37D0 /* CryptoAstonApp.app */,
			);
			name = Products;
			sourceTree = "<group>";
		};
		00226CB929555340004E37D0 /* CryptoAstonApp */ = {
			isa = PBXGroup;
			children = (
				00226D0229594B7F004E37D0 /* Coordinators */,
				00226CFD29593B13004E37D0 /* Resources */,
				00226CFC29593B01004E37D0 /* Extensions */,
				00226CD02955535D004E37D0 /* ViewModels */,
				00226CCF29555354004E37D0 /* Views */,
				00226CCE2955534C004E37D0 /* Models */,
			);
			path = CryptoAstonApp;
			sourceTree = "<group>";
		};
		00226CCE2955534C004E37D0 /* Models */ = {
			isa = PBXGroup;
			children = (
				00226CD129555374004E37D0 /* User.swift */,
				00226D0E296F202E004E37D0 /* Coin.swift */,
			);
			path = Models;
			sourceTree = "<group>";
		};
		00226CCF29555354004E37D0 /* Views */ = {
			isa = PBXGroup;
			children = (
				00226D0A295AAA09004E37D0 /* CryptoCell.swift */,
				00226CBE29555340004E37D0 /* LoginViewController.swift */,
				00226CFE29593BC5004E37D0 /* CustomButton.swift */,
				00226D0029594A39004E37D0 /* CryptoViewController.swift */,
				003995AE297D416600782B6C /* Loader.swift */,
			);
			path = Views;
			sourceTree = "<group>";
		};
		00226CD02955535D004E37D0 /* ViewModels */ = {
			isa = PBXGroup;
			children = (
				00226CD5295554AA004E37D0 /* Bindings */,
				00226CD329555456004E37D0 /* LoginViewModel.swift */,
				00226D10296F232B004E37D0 /* Parser.swift */,
			);
			path = ViewModels;
			sourceTree = "<group>";
		};
		00226CD5295554AA004E37D0 /* Bindings */ = {
			isa = PBXGroup;
			children = (
				00226CD629555503004E37D0 /* Dynamic.swift */,
			);
			path = Bindings;
			sourceTree = "<group>";
		};
		00226CFC29593B01004E37D0 /* Extensions */ = {
			isa = PBXGroup;
			children = (
				00226CF829593ADD004E37D0 /* UIStackView+Extension.swift */,
				003995AC2979A8C100782B6C /* UIViewController+Extension.swift */,
			);
			path = Extensions;
			sourceTree = "<group>";
		};
		00226CFD29593B13004E37D0 /* Resources */ = {
			isa = PBXGroup;
			children = (
				00226CBA29555340004E37D0 /* AppDelegate.swift */,
				00226CBC29555340004E37D0 /* SceneDelegate.swift */,
				00226CC329555341004E37D0 /* Assets.xcassets */,
				00226CC529555341004E37D0 /* LaunchScreen.storyboard */,
				00226CC829555341004E37D0 /* Info.plist */,
			);
			path = Resources;
			sourceTree = "<group>";
		};
		00226D0229594B7F004E37D0 /* Coordinators */ = {
			isa = PBXGroup;
			children = (
				00226D0329594B8E004E37D0 /* Protocols */,
				00226D0629594F50004E37D0 /* AppCoordinator.swift */,
			);
			path = Coordinators;
			sourceTree = "<group>";
		};
		00226D0329594B8E004E37D0 /* Protocols */ = {
			isa = PBXGroup;
			children = (
				00226D0429594B9B004E37D0 /* Coordinator.swift */,
			);
			path = Protocols;
			sourceTree = "<group>";
		};
/* End PBXGroup section */

/* Begin PBXNativeTarget section */
		00226CB629555340004E37D0 /* CryptoAstonApp */ = {
			isa = PBXNativeTarget;
			buildConfigurationList = 00226CCB29555341004E37D0 /* Build configuration list for PBXNativeTarget "CryptoAstonApp" */;
			buildPhases = (
				00226CB329555340004E37D0 /* Sources */,
				00226CB429555340004E37D0 /* Frameworks */,
				00226CB529555340004E37D0 /* Resources */,
			);
			buildRules = (
			);
			dependencies = (
			);
			name = CryptoAstonApp;
			productName = CryptoAstonApp;
			productReference = 00226CB729555340004E37D0 /* CryptoAstonApp.app */;
			productType = "com.apple.product-type.application";
		};
/* End PBXNativeTarget section */

/* Begin PBXProject section */
		00226CAF29555340004E37D0 /* Project object */ = {
			isa = PBXProject;
			attributes = {
				BuildIndependentTargetsInParallel = 1;
				LastSwiftUpdateCheck = 1420;
				LastUpgradeCheck = 1420;
				TargetAttributes = {
					00226CB629555340004E37D0 = {
						CreatedOnToolsVersion = 14.2;
					};
				};
			};
			buildConfigurationList = 00226CB229555340004E37D0 /* Build configuration list for PBXProject "CryptoAstonApp" */;
			compatibilityVersion = "Xcode 14.0";
			developmentRegion = en;
			hasScannedForEncodings = 0;
			knownRegions = (
				en,
				Base,
			);
			mainGroup = 00226CAE29555340004E37D0;
			productRefGroup = 00226CB829555340004E37D0 /* Products */;
			projectDirPath = "";
			projectRoot = "";
			targets = (
				00226CB629555340004E37D0 /* CryptoAstonApp */,
			);
		};
/* End PBXProject section */

/* Begin PBXResourcesBuildPhase section */
		00226CB529555340004E37D0 /* Resources */ = {
			isa = PBXResourcesBuildPhase;
			buildActionMask = 2147483647;
			files = (
				00226CC729555341004E37D0 /* LaunchScreen.storyboard in Resources */,
				00226CC429555341004E37D0 /* Assets.xcassets in Resources */,
			);
			runOnlyForDeploymentPostprocessing = 0;
		};
/* End PBXResourcesBuildPhase section */

/* Begin PBXSourcesBuildPhase section */
		00226CB329555340004E37D0 /* Sources */ = {
			isa = PBXSourcesBuildPhase;
			buildActionMask = 2147483647;
			files = (
				00226D0F296F202E004E37D0 /* Coin.swift in Sources */,
				00226D0729594F50004E37D0 /* AppCoordinator.swift in Sources */,
				00226D11296F232B004E37D0 /* Parser.swift in Sources */,
				003995AD2979A8C100782B6C /* UIViewController+Extension.swift in Sources */,
				00226CD229555374004E37D0 /* User.swift in Sources */,
				00226CF929593ADD004E37D0 /* UIStackView+Extension.swift in Sources */,
				00226D0529594B9B004E37D0 /* Coordinator.swift in Sources */,
				00226CBF29555340004E37D0 /* LoginViewController.swift in Sources */,
				00226CBB29555340004E37D0 /* AppDelegate.swift in Sources */,
				00226CFF29593BC5004E37D0 /* CustomButton.swift in Sources */,
				00226CD729555503004E37D0 /* Dynamic.swift in Sources */,
				00226D0B295AAA09004E37D0 /* CryptoCell.swift in Sources */,
				00226CD429555456004E37D0 /* LoginViewModel.swift in Sources */,
				00226CBD29555340004E37D0 /* SceneDelegate.swift in Sources */,
				003995AF297D416600782B6C /* Loader.swift in Sources */,
				00226D0129594A39004E37D0 /* CryptoViewController.swift in Sources */,
			);
			runOnlyForDeploymentPostprocessing = 0;
		};
/* End PBXSourcesBuildPhase section */

/* Begin PBXVariantGroup section */
		00226CC529555341004E37D0 /* LaunchScreen.storyboard */ = {
			isa = PBXVariantGroup;
			children = (
				00226CC629555341004E37D0 /* Base */,
			);
			name = LaunchScreen.storyboard;
			sourceTree = "<group>";
		};
/* End PBXVariantGroup section */

/* Begin XCBuildConfiguration section */
		00226CC929555341004E37D0 /* Debug */ = {
			isa = XCBuildConfiguration;
			buildSettings = {
				ALWAYS_SEARCH_USER_PATHS = NO;
				CLANG_ANALYZER_NONNULL = YES;
				CLANG_ANALYZER_NUMBER_OBJECT_CONVERSION = YES_AGGRESSIVE;
				CLANG_CXX_LANGUAGE_STANDARD = "gnu++20";
				CLANG_ENABLE_MODULES = YES;
				CLANG_ENABLE_OBJC_ARC = YES;
				CLANG_ENABLE_OBJC_WEAK = YES;
				CLANG_WARN_BLOCK_CAPTURE_AUTORELEASING = YES;
				CLANG_WARN_BOOL_CONVERSION = YES;
				CLANG_WARN_COMMA = YES;
				CLANG_WARN_CONSTANT_CONVERSION = YES;
				CLANG_WARN_DEPRECATED_OBJC_IMPLEMENTATIONS = YES;
				CLANG_WARN_DIRECT_OBJC_ISA_USAGE = YES_ERROR;
				CLANG_WARN_DOCUMENTATION_COMMENTS = YES;
				CLANG_WARN_EMPTY_BODY = YES;
				CLANG_WARN_ENUM_CONVERSION = YES;
				CLANG_WARN_INFINITE_RECURSION = YES;
				CLANG_WARN_INT_CONVERSION = YES;
				CLANG_WARN_NON_LITERAL_NULL_CONVERSION = YES;
				CLANG_WARN_OBJC_IMPLICIT_RETAIN_SELF = YES;
				CLANG_WARN_OBJC_LITERAL_CONVERSION = YES;
				CLANG_WARN_OBJC_ROOT_CLASS = YES_ERROR;
				CLANG_WARN_QUOTED_INCLUDE_IN_FRAMEWORK_HEADER = YES;
				CLANG_WARN_RANGE_LOOP_ANALYSIS = YES;
				CLANG_WARN_STRICT_PROTOTYPES = YES;
				CLANG_WARN_SUSPICIOUS_MOVE = YES;
				CLANG_WARN_UNGUARDED_AVAILABILITY = YES_AGGRESSIVE;
				CLANG_WARN_UNREACHABLE_CODE = YES;
				CLANG_WARN__DUPLICATE_METHOD_MATCH = YES;
				COPY_PHASE_STRIP = NO;
				DEBUG_INFORMATION_FORMAT = dwarf;
				ENABLE_STRICT_OBJC_MSGSEND = YES;
				ENABLE_TESTABILITY = YES;
				GCC_C_LANGUAGE_STANDARD = gnu11;
				GCC_DYNAMIC_NO_PIC = NO;
				GCC_NO_COMMON_BLOCKS = YES;
				GCC_OPTIMIZATION_LEVEL = 0;
				GCC_PREPROCESSOR_DEFINITIONS = (
					"DEBUG=1",
					"$(inherited)",
				);
				GCC_WARN_64_TO_32_BIT_CONVERSION = YES;
				GCC_WARN_ABOUT_RETURN_TYPE = YES_ERROR;
				GCC_WARN_UNDECLARED_SELECTOR = YES;
				GCC_WARN_UNINITIALIZED_AUTOS = YES_AGGRESSIVE;
				GCC_WARN_UNUSED_FUNCTION = YES;
				GCC_WARN_UNUSED_VARIABLE = YES;
				IPHONEOS_DEPLOYMENT_TARGET = 16.2;
				MTL_ENABLE_DEBUG_INFO = INCLUDE_SOURCE;
				MTL_FAST_MATH = YES;
				ONLY_ACTIVE_ARCH = YES;
				SDKROOT = iphoneos;
				SWIFT_ACTIVE_COMPILATION_CONDITIONS = DEBUG;
				SWIFT_OPTIMIZATION_LEVEL = "-Onone";
			};
			name = Debug;
		};
		00226CCA29555341004E37D0 /* Release */ = {
			isa = XCBuildConfiguration;
			buildSettings = {
				ALWAYS_SEARCH_USER_PATHS = NO;
				CLANG_ANALYZER_NONNULL = YES;
				CLANG_ANALYZER_NUMBER_OBJECT_CONVERSION = YES_AGGRESSIVE;
				CLANG_CXX_LANGUAGE_STANDARD = "gnu++20";
				CLANG_ENABLE_MODULES = YES;
				CLANG_ENABLE_OBJC_ARC = YES;
				CLANG_ENABLE_OBJC_WEAK = YES;
				CLANG_WARN_BLOCK_CAPTURE_AUTORELEASING = YES;
				CLANG_WARN_BOOL_CONVERSION = YES;
				CLANG_WARN_COMMA = YES;
				CLANG_WARN_CONSTANT_CONVERSION = YES;
				CLANG_WARN_DEPRECATED_OBJC_IMPLEMENTATIONS = YES;
				CLANG_WARN_DIRECT_OBJC_ISA_USAGE = YES_ERROR;
				CLANG_WARN_DOCUMENTATION_COMMENTS = YES;
				CLANG_WARN_EMPTY_BODY = YES;
				CLANG_WARN_ENUM_CONVERSION = YES;
				CLANG_WARN_INFINITE_RECURSION = YES;
				CLANG_WARN_INT_CONVERSION = YES;
				CLANG_WARN_NON_LITERAL_NULL_CONVERSION = YES;
				CLANG_WARN_OBJC_IMPLICIT_RETAIN_SELF = YES;
				CLANG_WARN_OBJC_LITERAL_CONVERSION = YES;
				CLANG_WARN_OBJC_ROOT_CLASS = YES_ERROR;
				CLANG_WARN_QUOTED_INCLUDE_IN_FRAMEWORK_HEADER = YES;
				CLANG_WARN_RANGE_LOOP_ANALYSIS = YES;
				CLANG_WARN_STRICT_PROTOTYPES = YES;
				CLANG_WARN_SUSPICIOUS_MOVE = YES;
				CLANG_WARN_UNGUARDED_AVAILABILITY = YES_AGGRESSIVE;
				CLANG_WARN_UNREACHABLE_CODE = YES;
				CLANG_WARN__DUPLICATE_METHOD_MATCH = YES;
				COPY_PHASE_STRIP = NO;
				DEBUG_INFORMATION_FORMAT = "dwarf-with-dsym";
				ENABLE_NS_ASSERTIONS = NO;
				ENABLE_STRICT_OBJC_MSGSEND = YES;
				GCC_C_LANGUAGE_STANDARD = gnu11;
				GCC_NO_COMMON_BLOCKS = YES;
				GCC_WARN_64_TO_32_BIT_CONVERSION = YES;
				GCC_WARN_ABOUT_RETURN_TYPE = YES_ERROR;
				GCC_WARN_UNDECLARED_SELECTOR = YES;
				GCC_WARN_UNINITIALIZED_AUTOS = YES_AGGRESSIVE;
				GCC_WARN_UNUSED_FUNCTION = YES;
				GCC_WARN_UNUSED_VARIABLE = YES;
				IPHONEOS_DEPLOYMENT_TARGET = 16.2;
				MTL_ENABLE_DEBUG_INFO = NO;
				MTL_FAST_MATH = YES;
				SDKROOT = iphoneos;
				SWIFT_COMPILATION_MODE = wholemodule;
				SWIFT_OPTIMIZATION_LEVEL = "-O";
				VALIDATE_PRODUCT = YES;
			};
			name = Release;
		};
		00226CCC29555341004E37D0 /* Debug */ = {
			isa = XCBuildConfiguration;
			buildSettings = {
				ASSETCATALOG_COMPILER_APPICON_NAME = AppIcon;
				ASSETCATALOG_COMPILER_GLOBAL_ACCENT_COLOR_NAME = AccentColor;
				CODE_SIGN_STYLE = Automatic;
				CURRENT_PROJECT_VERSION = 1;
				DEVELOPMENT_TEAM = N66WY3RBB9;
				GENERATE_INFOPLIST_FILE = YES;
				INFOPLIST_FILE = CryptoAstonApp/Resources/Info.plist;
				INFOPLIST_KEY_UIApplicationSupportsIndirectInputEvents = YES;
				INFOPLIST_KEY_UILaunchStoryboardName = LaunchScreen;
				INFOPLIST_KEY_UIMainStoryboardFile = "";
				INFOPLIST_KEY_UISupportedInterfaceOrientations_iPad = "UIInterfaceOrientationPortrait UIInterfaceOrientationPortraitUpsideDown UIInterfaceOrientationLandscapeLeft UIInterfaceOrientationLandscapeRight";
				INFOPLIST_KEY_UISupportedInterfaceOrientations_iPhone = "UIInterfaceOrientationPortrait UIInterfaceOrientationLandscapeLeft UIInterfaceOrientationLandscapeRight";
				LD_RUNPATH_SEARCH_PATHS = (
					"$(inherited)",
					"@executable_path/Frameworks",
				);
				MARKETING_VERSION = 1.0;
				PRODUCT_BUNDLE_IDENTIFIER = ru.yukhanov.CryptoAstonApp;
				PRODUCT_NAME = "$(TARGET_NAME)";
				SWIFT_EMIT_LOC_STRINGS = YES;
				SWIFT_VERSION = 5.0;
				TARGETED_DEVICE_FAMILY = "1,2";
			};
			name = Debug;
		};
		00226CCD29555341004E37D0 /* Release */ = {
			isa = XCBuildConfiguration;
			buildSettings = {
				ASSETCATALOG_COMPILER_APPICON_NAME = AppIcon;
				ASSETCATALOG_COMPILER_GLOBAL_ACCENT_COLOR_NAME = AccentColor;
				CODE_SIGN_STYLE = Automatic;
				CURRENT_PROJECT_VERSION = 1;
				DEVELOPMENT_TEAM = N66WY3RBB9;
				GENERATE_INFOPLIST_FILE = YES;
				INFOPLIST_FILE = CryptoAstonApp/Resources/Info.plist;
				INFOPLIST_KEY_UIApplicationSupportsIndirectInputEvents = YES;
				INFOPLIST_KEY_UILaunchStoryboardName = LaunchScreen;
				INFOPLIST_KEY_UIMainStoryboardFile = "";
				INFOPLIST_KEY_UISupportedInterfaceOrientations_iPad = "UIInterfaceOrientationPortrait UIInterfaceOrientationPortraitUpsideDown UIInterfaceOrientationLandscapeLeft UIInterfaceOrientationLandscapeRight";
				INFOPLIST_KEY_UISupportedInterfaceOrientations_iPhone = "UIInterfaceOrientationPortrait UIInterfaceOrientationLandscapeLeft UIInterfaceOrientationLandscapeRight";
				LD_RUNPATH_SEARCH_PATHS = (
					"$(inherited)",
					"@executable_path/Frameworks",
				);
				MARKETING_VERSION = 1.0;
				PRODUCT_BUNDLE_IDENTIFIER = ru.yukhanov.CryptoAstonApp;
				PRODUCT_NAME = "$(TARGET_NAME)";
				SWIFT_EMIT_LOC_STRINGS = YES;
				SWIFT_VERSION = 5.0;
				TARGETED_DEVICE_FAMILY = "1,2";
			};
			name = Release;
		};
/* End XCBuildConfiguration section */

/* Begin XCConfigurationList section */
		00226CB229555340004E37D0 /* Build configuration list for PBXProject "CryptoAstonApp" */ = {
			isa = XCConfigurationList;
			buildConfigurations = (
				00226CC929555341004E37D0 /* Debug */,
				00226CCA29555341004E37D0 /* Release */,
			);
			defaultConfigurationIsVisible = 0;
			defaultConfigurationName = Release;
		};
		00226CCB29555341004E37D0 /* Build configuration list for PBXNativeTarget "CryptoAstonApp" */ = {
			isa = XCConfigurationList;
			buildConfigurations = (
				00226CCC29555341004E37D0 /* Debug */,
				00226CCD29555341004E37D0 /* Release */,
			);
			defaultConfigurationIsVisible = 0;
			defaultConfigurationName = Release;
		};
/* End XCConfigurationList section */
	};
	rootObject = 00226CAF29555340004E37D0 /* Project object */;
}
